{
  "name": "ga-final-project",
  "requires": true,
  "lockfileVersion": 1,
  "dependencies": {
    "async": {
      "version": "0.2.9",
      "resolved": "https://registry.npmjs.org/async/-/async-0.2.9.tgz",
      "integrity": "sha1-32MGD789Myhqdqr21Vophtn/hhk="
    },
    "component-classes": {
      "version": "1.2.6",
      "resolved": "https://registry.npmjs.org/component-classes/-/component-classes-1.2.6.tgz",
      "integrity": "sha1-xkI5TDYYpNiwuJGe/Mu9kw5c1pE=",
      "requires": {
        "component-indexof": "0.0.3"
      }
    },
    "component-event": {
      "version": "0.1.4",
      "resolved": "https://registry.npmjs.org/component-event/-/component-event-0.1.4.tgz",
      "integrity": "sha1-PeePwoeCOBeH4kvyp8U2vwFCybQ="
    },
    "component-indexof": {
      "version": "0.0.3",
      "resolved": "https://registry.npmjs.org/component-indexof/-/component-indexof-0.0.3.tgz",
      "integrity": "sha1-EdCRMSI5648yyPJa6csAL/6NPCQ="
    },
    "component-tap-event": {
      "version": "1.1.4",
      "resolved": "https://registry.npmjs.org/component-tap-event/-/component-tap-event-1.1.4.tgz",
      "integrity": "sha1-I+7Cor+5HnEYWXFRLTxpNhSFUtc="
    },
    "confirm-dialog": {
      "version": "0.1.2",
      "resolved": "https://registry.npmjs.org/confirm-dialog/-/confirm-dialog-0.1.2.tgz",
      "integrity": "sha1-liqQRHhAIZSwRmOzM5kLEq0FEcQ=",
      "requires": {
        "component-classes": "1.2.6",
        "domify": "1.4.0",
        "ontap": "0.0.2",
        "prop-detect": "1.1.0"
      }
    },
    "domify": {
      "version": "1.4.0",
      "resolved": "https://registry.npmjs.org/domify/-/domify-1.4.0.tgz",
      "integrity": "sha1-EUg2F/dk+GlZdbS9x5sU8IA7Yps="
    },
    "has-touch": {
      "version": "1.0.1",
      "resolved": "https://registry.npmjs.org/has-touch/-/has-touch-1.0.1.tgz",
      "integrity": "sha1-Y+80NTscDAi8r46AT5Xe4lfulRY="
    },
    "has-translate3d": {
      "version": "0.0.3",
      "resolved": "https://registry.npmjs.org/has-translate3d/-/has-translate3d-0.0.3.tgz",
      "integrity": "sha1-7gFXrVtMqKGjNRSp5+9FQVoTIQM=",
      "requires": {
        "transform-property": "0.0.1"
      }
    },
    "ini": {
      "version": "1.3.4",
      "resolved": "https://registry.npmjs.org/ini/-/ini-1.3.4.tgz",
      "integrity": "sha1-BTfLedr1m1mhpRff9wbIbsA5Fi4="
    },
    "minimist": {
      "version": "0.0.10",
      "resolved": "https://registry.npmjs.org/minimist/-/minimist-0.0.10.tgz",
      "integrity": "sha1-3j+YVD2/lggr5IrRoMfNqDYwHc8="
    },
    "nconf": {
      "version": "0.6.9",
      "resolved": "https://registry.npmjs.org/nconf/-/nconf-0.6.9.tgz",
      "integrity": "sha1-lXDvFe1vmuays8jV5xtm0xk81mE=",
      "requires": {
        "async": "0.2.9",
        "ini": "1.3.4",
        "optimist": "0.6.0"
      }
    },
    "ontap": {
      "version": "0.0.2",
      "resolved": "https://registry.npmjs.org/ontap/-/ontap-0.0.2.tgz",
      "integrity": "sha1-UfyGcYRkQRfQgF6R7om7o7bhiCQ=",
      "requires": {
        "component-event": "0.1.4",
        "component-tap-event": "1.1.4",
        "has-touch": "1.0.1"
      }
    },
    "optimist": {
      "version": "0.6.0",
      "resolved": "https://registry.npmjs.org/optimist/-/optimist-0.6.0.tgz",
      "integrity": "sha1-aUJIJvNAX3nxQub8PZrljU27kgA=",
      "requires": {
        "minimist": "0.0.10",
        "wordwrap": "0.0.3"
      }
    },
    "prop-detect": {
      "version": "1.1.0",
      "resolved": "https://registry.npmjs.org/prop-detect/-/prop-detect-1.1.0.tgz",
      "integrity": "sha1-rRY1pFCA2A3/sCjULEXrOgIHvKc=",
      "requires": {
        "has-translate3d": "0.0.3",
        "touchaction-property": "0.0.1",
        "transition-property": "1.0.1"
      }
    },
    "redirect": {
      "version": "0.2.0",
      "resolved": "https://registry.npmjs.org/redirect/-/redirect-0.2.0.tgz",
      "integrity": "sha1-ApISMneZ7GXI1TvKIxYHUiwCfdA=",
      "requires": {
        "nconf": "0.6.9"
      }
    },
    "touchaction-property": {
      "version": "0.0.1",
      "resolved": "https://registry.npmjs.org/touchaction-property/-/touchaction-property-0.0.1.tgz",
      "integrity": "sha1-8EakYiR3YJHKzcY8IP/HN7dR9sY="
    },
    "transform-property": {
      "version": "0.0.1",
      "resolved": "https://registry.npmjs.org/transform-property/-/transform-property-0.0.1.tgz",
      "integrity": "sha1-SGNmL51eW7jwwAZI7/CL6xT9ZfI="
    },
    "transition-property": {
      "version": "1.0.1",
      "resolved": "https://registry.npmjs.org/transition-property/-/transition-property-1.0.1.tgz",
      "integrity": "sha1-YDTBieHT9y0c5H4tAqHvFPyF2ZE="
    },
    "wordwrap": {
      "version": "0.0.3",
      "resolved": "https://registry.npmjs.org/wordwrap/-/wordwrap-0.0.3.tgz",
      "integrity": "sha1-o9XabNXAvAAI03I0u68b7WMFkQc="
    }
  }
}
